
Microsoft Visual Studio Solution File, Format Version 12.00
# Visual Studio 2012
Project("{FAE04EC0-301F-11D3-BF4B-00C04F79EFBC}") = "FiloElasticSearchPoc", "FiloElasticSearchPoc\FiloElasticSearchPoc.csproj", "{F9E856A3-A3F7-474C-9CCE-103598197686}"
EndProject
Project("{FAE04EC0-301F-11D3-BF4B-00C04F79EFBC}") = "FiloElasticSearchUnitTest", "FiloElasticSearchUnitTest\FiloElasticSearchUnitTest.csproj", "{9AD49664-79A5-4A5F-9C97-1E70D9746EEA}"
EndProject
Project("{FAE04EC0-301F-11D3-BF4B-00C04F79EFBC}") = "FiloElasticSearchPoc.Repository", "FiloElasticSearchPoc.Repository\FiloElasticSearchPoc.Repository.csproj", "{84262EA9-7477-41DD-9460-EAE74D08B843}"
EndProject
Project("{FAE04EC0-301F-11D3-BF4B-00C04F79EFBC}") = "FiloElasticSearchPoc.SearchMapping", "FiloElasticSearchPoc.SearchMapping\FiloElasticSearchPoc.SearchMapping.csproj", "{78DF03A6-16A3-4EFB-8DF5-A8A8D857BB2A}"
EndProject
Project("{FAE04EC0-301F-11D3-BF4B-00C04F79EFBC}") = "FiloElasticSearchPoc.DTO", "FiloElasticSearchPoc.DTO\FiloElasticSearchPoc.DTO.csproj", "{E88E15EC-5D9C-496A-BA27-EB868D2AC3B0}"
EndProject
Global
	GlobalSection(SolutionConfigurationPlatforms) = preSolution
		Debug|Any CPU = Debug|Any CPU
		Release|Any CPU = Release|Any CPU
	EndGlobalSection
	GlobalSection(ProjectConfigurationPlatforms) = postSolution
		{F9E856A3-A3F7-474C-9CCE-103598197686}.Debug|Any CPU.ActiveCfg = Debug|Any CPU
		{F9E856A3-A3F7-474C-9CCE-103598197686}.Debug|Any CPU.Build.0 = Debug|Any CPU
		{F9E856A3-A3F7-474C-9CCE-103598197686}.Release|Any CPU.ActiveCfg = Release|Any CPU
		{F9E856A3-A3F7-474C-9CCE-103598197686}.Release|Any CPU.Build.0 = Release|Any CPU
		{9AD49664-79A5-4A5F-9C97-1E70D9746EEA}.Debug|Any CPU.ActiveCfg = Debug|Any CPU
		{9AD49664-79A5-4A5F-9C97-1E70D9746EEA}.Debug|Any CPU.Build.0 = Debug|Any CPU
		{9AD49664-79A5-4A5F-9C97-1E70D9746EEA}.Release|Any CPU.ActiveCfg = Release|Any CPU
		{9AD49664-79A5-4A5F-9C97-1E70D9746EEA}.Release|Any CPU.Build.0 = Release|Any CPU
		{84262EA9-7477-41DD-9460-EAE74D08B843}.Debug|Any CPU.ActiveCfg = Debug|Any CPU
		{84262EA9-7477-41DD-9460-EAE74D08B843}.Debug|Any CPU.Build.0 = Debug|Any CPU
		{84262EA9-7477-41DD-9460-EAE74D08B843}.Release|Any CPU.ActiveCfg = Release|Any CPU
		{84262EA9-7477-41DD-9460-EAE74D08B843}.Release|Any CPU.Build.0 = Release|Any CPU
		{78DF03A6-16A3-4EFB-8DF5-A8A8D857BB2A}.Debug|Any CPU.ActiveCfg = Debug|Any CPU
		{78DF03A6-16A3-4EFB-8DF5-A8A8D857BB2A}.Debug|Any CPU.Build.0 = Debug|Any CPU
		{78DF03A6-16A3-4EFB-8DF5-A8A8D857BB2A}.Release|Any CPU.ActiveCfg = Release|Any CPU
		{78DF03A6-16A3-4EFB-8DF5-A8A8D857BB2A}.Release|Any CPU.Build.0 = Release|Any CPU
		{E88E15EC-5D9C-496A-BA27-EB868D2AC3B0}.Debug|Any CPU.ActiveCfg = Debug|Any CPU
		{E88E15EC-5D9C-496A-BA27-EB868D2AC3B0}.Debug|Any CPU.Build.0 = Debug|Any CPU
		{E88E15EC-5D9C-496A-BA27-EB868D2AC3B0}.Release|Any CPU.ActiveCfg = Release|Any CPU
		{E88E15EC-5D9C-496A-BA27-EB868D2AC3B0}.Release|Any CPU.Build.0 = Release|Any CPU
	EndGlobalSection
EndGlobal
